
Microsoft Visual Studio Solution File, Format Version 11.00
# Visual Studio 2010
Project("{FAE04EC0-301F-11D3-BF4B-00C04F79EFBC}") = "Assembly-CSharp", "Assembly-CSharp.csproj", "{4d7d2d16-593f-1bc1-68ef-1cdc08eb4806}"
EndProject
Project("{FAE04EC0-301F-11D3-BF4B-00C04F79EFBC}") = "Assembly-CSharp-Editor", "Assembly-CSharp-Editor.csproj", "{86508038-e2d4-7480-50c1-7988abeddf74}"
EndProject
Global
	GlobalSection(SolutionConfigurationPlatforms) = preSolution
		Debug|Any CPU = Debug|Any CPU
	EndGlobalSection
	GlobalSection(ProjectConfigurationPlatforms) = postSolution
		{4d7d2d16-593f-1bc1-68ef-1cdc08eb4806}.Debug|Any CPU.ActiveCfg = Debug|Any CPU
		{4d7d2d16-593f-1bc1-68ef-1cdc08eb4806}.Debug|Any CPU.Build.0 = Debug|Any CPU
		{86508038-e2d4-7480-50c1-7988abeddf74}.Debug|Any CPU.ActiveCfg = Debug|Any CPU
		{86508038-e2d4-7480-50c1-7988abeddf74}.Debug|Any CPU.Build.0 = Debug|Any CPU
	EndGlobalSection
	GlobalSection(SolutionProperties) = preSolution
		HideSolutionNode = FALSE
	EndGlobalSection
EndGlobal
